
Microsoft Visual Studio Solution File, Format Version 12.00
# Visual Studio Version 17
VisualStudioVersion = 17.5.2.0
MinimumVisualStudioVersion = 10.0.40219.1
Project("{2150E333-8FDC-42A3-9474-1A3956D46DE8}") = "src", "src", "{827E0CD3-B72D-47B6-A68D-7590B98EB39B}"
EndProject
Project("{2150E333-8FDC-42A3-9474-1A3956D46DE8}") = "tests", "tests", "{0AB3BF05-4346-4AA6-1389-037BE0695223}"
EndProject
Project("{FAE04EC0-301F-11D3-BF4B-00C04F79EFBC}") = "Ofel.AppConsole", "src\ofel.AppConsole\Ofel.AppConsole.csproj", "{F45F6B5E-130E-1A89-B517-05720290E6D9}"
EndProject
Project("{FAE04EC0-301F-11D3-BF4B-00C04F79EFBC}") = "Ofel.AppGUI", "src\ofel.AppGUI\Ofel.AppGUI.csproj", "{94036EE3-6D26-436B-BE61-DC6F0F2DCCC2}"
EndProject
Project("{FAE04EC0-301F-11D3-BF4B-00C04F79EFBC}") = "Ofel.Core", "src\ofel.Core\Ofel.Core.csproj", "{65F803F9-82D0-B3A8-B016-37BCF0F343DD}"
EndProject
Project("{FAE04EC0-301F-11D3-BF4B-00C04F79EFBC}") = "Ofel.Infrastructure", "src\Ofel.Infrastructure\Ofel.Infrastructure.csproj", "{FAEDB670-FD22-73BE-C7F7-6D06345DB2C8}"
EndProject
Project("{FAE04EC0-301F-11D3-BF4B-00C04F79EFBC}") = "Ofel.Core.Tests", "tests\Ofel.Core.Tests\Ofel.Core.Tests.csproj", "{DEF00656-5321-4C02-B8D1-93DA639CA822}"
EndProject
Project("{FAE04EC0-301F-11D3-BF4B-00C04F79EFBC}") = "Ofel.Infrastructure.Tests", "tests\Ofel.Infrastructure.Tests\Ofel.Infrastructure.Tests.csproj", "{83C4775A-5C62-28E2-A09F-B299F796F5F6}"
EndProject
Project("{2150E333-8FDC-42A3-9474-1A3956D46DE8}") = "Éléments de solution", "Éléments de solution", "{9C8CB701-102D-CF49-A3E0-89AC09D42C2C}"
	ProjectSection(SolutionItems) = preProject
		Directory.Build.props = Directory.Build.props
	EndProjectSection
EndProject
Global
	GlobalSection(SolutionConfigurationPlatforms) = preSolution
		Debug|Any CPU = Debug|Any CPU
		Debug|x64 = Debug|x64
		Debug|x86 = Debug|x86
		Release|Any CPU = Release|Any CPU
		Release|x64 = Release|x64
		Release|x86 = Release|x86
	EndGlobalSection
	GlobalSection(ProjectConfigurationPlatforms) = postSolution
		{F45F6B5E-130E-1A89-B517-05720290E6D9}.Debug|Any CPU.ActiveCfg = Debug|Any CPU
		{F45F6B5E-130E-1A89-B517-05720290E6D9}.Debug|Any CPU.Build.0 = Debug|Any CPU
		{F45F6B5E-130E-1A89-B517-05720290E6D9}.Debug|x64.ActiveCfg = Debug|Any CPU
		{F45F6B5E-130E-1A89-B517-05720290E6D9}.Debug|x64.Build.0 = Debug|Any CPU
		{F45F6B5E-130E-1A89-B517-05720290E6D9}.Debug|x86.ActiveCfg = Debug|Any CPU
		{F45F6B5E-130E-1A89-B517-05720290E6D9}.Debug|x86.Build.0 = Debug|Any CPU
		{F45F6B5E-130E-1A89-B517-05720290E6D9}.Release|Any CPU.ActiveCfg = Release|Any CPU
		{F45F6B5E-130E-1A89-B517-05720290E6D9}.Release|Any CPU.Build.0 = Release|Any CPU
		{F45F6B5E-130E-1A89-B517-05720290E6D9}.Release|x64.ActiveCfg = Release|Any CPU
		{F45F6B5E-130E-1A89-B517-05720290E6D9}.Release|x64.Build.0 = Release|Any CPU
		{F45F6B5E-130E-1A89-B517-05720290E6D9}.Release|x86.ActiveCfg = Release|Any CPU
		{F45F6B5E-130E-1A89-B517-05720290E6D9}.Release|x86.Build.0 = Release|Any CPU
		{94036EE3-6D26-436B-BE61-DC6F0F2DCCC2}.Debug|Any CPU.ActiveCfg = Debug|Any CPU
		{94036EE3-6D26-436B-BE61-DC6F0F2DCCC2}.Debug|Any CPU.Build.0 = Debug|Any CPU
		{94036EE3-6D26-436B-BE61-DC6F0F2DCCC2}.Debug|x64.ActiveCfg = Debug|Any CPU
		{94036EE3-6D26-436B-BE61-DC6F0F2DCCC2}.Debug|x64.Build.0 = Debug|Any CPU
		{94036EE3-6D26-436B-BE61-DC6F0F2DCCC2}.Debug|x86.ActiveCfg = Debug|Any CPU
		{94036EE3-6D26-436B-BE61-DC6F0F2DCCC2}.Debug|x86.Build.0 = Debug|Any CPU
		{94036EE3-6D26-436B-BE61-DC6F0F2DCCC2}.Release|Any CPU.ActiveCfg = Release|Any CPU
		{94036EE3-6D26-436B-BE61-DC6F0F2DCCC2}.Release|Any CPU.Build.0 = Release|Any CPU
		{94036EE3-6D26-436B-BE61-DC6F0F2DCCC2}.Release|x64.ActiveCfg = Release|Any CPU
		{94036EE3-6D26-436B-BE61-DC6F0F2DCCC2}.Release|x64.Build.0 = Release|Any CPU
		{94036EE3-6D26-436B-BE61-DC6F0F2DCCC2}.Release|x86.ActiveCfg = Release|Any CPU
		{94036EE3-6D26-436B-BE61-DC6F0F2DCCC2}.Release|x86.Build.0 = Release|Any CPU
		{65F803F9-82D0-B3A8-B016-37BCF0F343DD}.Debug|Any CPU.ActiveCfg = Debug|Any CPU
		{65F803F9-82D0-B3A8-B016-37BCF0F343DD}.Debug|Any CPU.Build.0 = Debug|Any CPU
		{65F803F9-82D0-B3A8-B016-37BCF0F343DD}.Debug|x64.ActiveCfg = Debug|Any CPU
		{65F803F9-82D0-B3A8-B016-37BCF0F343DD}.Debug|x64.Build.0 = Debug|Any CPU
		{65F803F9-82D0-B3A8-B016-37BCF0F343DD}.Debug|x86.ActiveCfg = Debug|Any CPU
		{65F803F9-82D0-B3A8-B016-37BCF0F343DD}.Debug|x86.Build.0 = Debug|Any CPU
		{65F803F9-82D0-B3A8-B016-37BCF0F343DD}.Release|Any CPU.ActiveCfg = Release|Any CPU
		{65F803F9-82D0-B3A8-B016-37BCF0F343DD}.Release|Any CPU.Build.0 = Release|Any CPU
		{65F803F9-82D0-B3A8-B016-37BCF0F343DD}.Release|x64.ActiveCfg = Release|Any CPU
		{65F803F9-82D0-B3A8-B016-37BCF0F343DD}.Release|x64.Build.0 = Release|Any CPU
		{65F803F9-82D0-B3A8-B016-37BCF0F343DD}.Release|x86.ActiveCfg = Release|Any CPU
		{65F803F9-82D0-B3A8-B016-37BCF0F343DD}.Release|x86.Build.0 = Release|Any CPU
		{FAEDB670-FD22-73BE-C7F7-6D06345DB2C8}.Debug|Any CPU.ActiveCfg = Debug|Any CPU
		{FAEDB670-FD22-73BE-C7F7-6D06345DB2C8}.Debug|Any CPU.Build.0 = Debug|Any CPU
		{FAEDB670-FD22-73BE-C7F7-6D06345DB2C8}.Debug|x64.ActiveCfg = Debug|Any CPU
		{FAEDB670-FD22-73BE-C7F7-6D06345DB2C8}.Debug|x64.Build.0 = Debug|Any CPU
		{FAEDB670-FD22-73BE-C7F7-6D06345DB2C8}.Debug|x86.ActiveCfg = Debug|Any CPU
		{FAEDB670-FD22-73BE-C7F7-6D06345DB2C8}.Debug|x86.Build.0 = Debug|Any CPU
		{FAEDB670-FD22-73BE-C7F7-6D06345DB2C8}.Release|Any CPU.ActiveCfg = Release|Any CPU
		{FAEDB670-FD22-73BE-C7F7-6D06345DB2C8}.Release|Any CPU.Build.0 = Release|Any CPU
		{FAEDB670-FD22-73BE-C7F7-6D06345DB2C8}.Release|x64.ActiveCfg = Release|Any CPU
		{FAEDB670-FD22-73BE-C7F7-6D06345DB2C8}.Release|x64.Build.0 = Release|Any CPU
		{FAEDB670-FD22-73BE-C7F7-6D06345DB2C8}.Release|x86.ActiveCfg = Release|Any CPU
		{FAEDB670-FD22-73BE-C7F7-6D06345DB2C8}.Release|x86.Build.0 = Release|Any CPU
		{DEF00656-5321-4C02-B8D1-93DA639CA822}.Debug|Any CPU.ActiveCfg = Debug|Any CPU
		{DEF00656-5321-4C02-B8D1-93DA639CA822}.Debug|Any CPU.Build.0 = Debug|Any CPU
		{DEF00656-5321-4C02-B8D1-93DA639CA822}.Debug|x64.ActiveCfg = Debug|Any CPU
		{DEF00656-5321-4C02-B8D1-93DA639CA822}.Debug|x64.Build.0 = Debug|Any CPU
		{DEF00656-5321-4C02-B8D1-93DA639CA822}.Debug|x86.ActiveCfg = Debug|Any CPU
		{DEF00656-5321-4C02-B8D1-93DA639CA822}.Debug|x86.Build.0 = Debug|Any CPU
		{DEF00656-5321-4C02-B8D1-93DA639CA822}.Release|Any CPU.ActiveCfg = Release|Any CPU
		{DEF00656-5321-4C02-B8D1-93DA639CA822}.Release|Any CPU.Build.0 = Release|Any CPU
		{DEF00656-5321-4C02-B8D1-93DA639CA822}.Release|x64.ActiveCfg = Release|Any CPU
		{DEF00656-5321-4C02-B8D1-93DA639CA822}.Release|x64.Build.0 = Release|Any CPU
		{DEF00656-5321-4C02-B8D1-93DA639CA822}.Release|x86.ActiveCfg = Release|Any CPU
		{DEF00656-5321-4C02-B8D1-93DA639CA822}.Release|x86.Build.0 = Release|Any CPU
		{83C4775A-5C62-28E2-A09F-B299F796F5F6}.Debug|Any CPU.ActiveCfg = Debug|Any CPU
		{83C4775A-5C62-28E2-A09F-B299F796F5F6}.Debug|Any CPU.Build.0 = Debug|Any CPU
		{83C4775A-5C62-28E2-A09F-B299F796F5F6}.Debug|x64.ActiveCfg = Debug|Any CPU
		{83C4775A-5C62-28E2-A09F-B299F796F5F6}.Debug|x64.Build.0 = Debug|Any CPU
		{83C4775A-5C62-28E2-A09F-B299F796F5F6}.Debug|x86.ActiveCfg = Debug|Any CPU
		{83C4775A-5C62-28E2-A09F-B299F796F5F6}.Debug|x86.Build.0 = Debug|Any CPU
		{83C4775A-5C62-28E2-A09F-B299F796F5F6}.Release|Any CPU.ActiveCfg = Release|Any CPU
		{83C4775A-5C62-28E2-A09F-B299F796F5F6}.Release|Any CPU.Build.0 = Release|Any CPU
		{83C4775A-5C62-28E2-A09F-B299F796F5F6}.Release|x64.ActiveCfg = Release|Any CPU
		{83C4775A-5C62-28E2-A09F-B299F796F5F6}.Release|x64.Build.0 = Release|Any CPU
		{83C4775A-5C62-28E2-A09F-B299F796F5F6}.Release|x86.ActiveCfg = Release|Any CPU
		{83C4775A-5C62-28E2-A09F-B299F796F5F6}.Release|x86.Build.0 = Release|Any CPU
	EndGlobalSection
	GlobalSection(SolutionProperties) = preSolution
		HideSolutionNode = FALSE
	EndGlobalSection
	GlobalSection(NestedProjects) = preSolution
		{F45F6B5E-130E-1A89-B517-05720290E6D9} = {827E0CD3-B72D-47B6-A68D-7590B98EB39B}
		{94036EE3-6D26-436B-BE61-DC6F0F2DCCC2} = {827E0CD3-B72D-47B6-A68D-7590B98EB39B}
		{65F803F9-82D0-B3A8-B016-37BCF0F343DD} = {827E0CD3-B72D-47B6-A68D-7590B98EB39B}
		{FAEDB670-FD22-73BE-C7F7-6D06345DB2C8} = {827E0CD3-B72D-47B6-A68D-7590B98EB39B}
		{DEF00656-5321-4C02-B8D1-93DA639CA822} = {0AB3BF05-4346-4AA6-1389-037BE0695223}
		{83C4775A-5C62-28E2-A09F-B299F796F5F6} = {0AB3BF05-4346-4AA6-1389-037BE0695223}
	EndGlobalSection
	GlobalSection(ExtensibilityGlobals) = postSolution
		SolutionGuid = {47CB05EC-EFCA-48B9-86CD-910A225FFFD9}
	EndGlobalSection
EndGlobal
