Microsoft Visual Studio Solution File, Format Version 12.00
# Visual Studio Version 17
VisualStudioVersion = 17.5.2.0
MinimumVisualStudioVersion = 10.0.40219.1
Project("{2150E333-8FDC-42A3-9474-1A3956D46DE8}") = "src", "src", "{827E0CD3-B72D-47B6-A68D-7590B98EB39B}"
EndProject
Project("{2150E333-8FDC-42A3-9474-1A3956D46DE8}") = "tests", "tests", "{0AB3BF05-4346-4AA6-1389-037BE0695223}"
EndProject
Project("{FAE04EC0-301F-11D3-BF4B-00C04F79EFBC}") = "ofel.AppConsole", "src\ofel.AppConsole\ofel.AppConsole.csproj", "{F45F6B5E-130E-1A89-B517-05720290E6D9}"
EndProject
Project("{FAE04EC0-301F-11D3-BF4B-00C04F79EFBC}") = "Ofel.AppGUI", "src\ofel.AppGUI\Ofel.AppGUI.csproj", "{94036EE3-6D26-436B-BE61-DC6F0F2DCCC2}"
EndProject
Project("{FAE04EC0-301F-11D3-BF4B-00C04F79EFBC}") = "Ofel.Core", "src\ofel.Core\Ofel.Core.csproj", "{65F803F9-82D0-B3A8-B016-37BCF0F343DD}"
EndProject
Project("{FAE04EC0-301F-11D3-BF4B-00C04F79EFBC}") = "Ofel.Plugins.Contracts", "src\Ofel.Plugins.Contracts\Ofel.Plugins.Contracts.csproj", "{C3ECBA3D-93FB-330B-BF87-5CBE4278DA85}"
EndProject
Project("{FAE04EC0-301F-11D3-BF4B-00C04F79EFBC}") = "Ofel.Tests", "tests\Ofel.Tests\Ofel.Tests.csproj", "{AD267A8B-E362-2DFA-5C54-7674E247D6F4}"
EndProject
Global
	GlobalSection(SolutionConfigurationPlatforms) = preSolution
		Debug|Any CPU = Debug|Any CPU
		Release|Any CPU = Release|Any CPU
	EndGlobalSection
	GlobalSection(ProjectConfigurationPlatforms) = postSolution
		{F45F6B5E-130E-1A89-B517-05720290E6D9}.Debug|Any CPU.ActiveCfg = Debug|Any CPU
		{F45F6B5E-130E-1A89-B517-05720290E6D9}.Debug|Any CPU.Build.0 = Debug|Any CPU
		{F45F6B5E-130E-1A89-B517-05720290E6D9}.Release|Any CPU.ActiveCfg = Release|Any CPU
		{F45F6B5E-130E-1A89-B517-05720290E6D9}.Release|Any CPU.Build.0 = Release|Any CPU
		{94036EE3-6D26-436B-BE61-DC6F0F2DCCC2}.Debug|Any CPU.ActiveCfg = Debug|Any CPU
		{94036EE3-6D26-436B-BE61-DC6F0F2DCCC2}.Debug|Any CPU.Build.0 = Debug|Any CPU
		{94036EE3-6D26-436B-BE61-DC6F0F2DCCC2}.Release|Any CPU.ActiveCfg = Release|Any CPU
		{94036EE3-6D26-436B-BE61-DC6F0F2DCCC2}.Release|Any CPU.Build.0 = Release|Any CPU
		{65F803F9-82D0-B3A8-B016-37BCF0F343DD}.Debug|Any CPU.ActiveCfg = Debug|Any CPU
		{65F803F9-82D0-B3A8-B016-37BCF0F343DD}.Debug|Any CPU.Build.0 = Debug|Any CPU
		{65F803F9-82D0-B3A8-B016-37BCF0F343DD}.Release|Any CPU.ActiveCfg = Release|Any CPU
		{65F803F9-82D0-B3A8-B016-37BCF0F343DD}.Release|Any CPU.Build.0 = Release|Any CPU
		{C3ECBA3D-93FB-330B-BF87-5CBE4278DA85}.Debug|Any CPU.ActiveCfg = Debug|Any CPU
		{C3ECBA3D-93FB-330B-BF87-5CBE4278DA85}.Debug|Any CPU.Build.0 = Debug|Any CPU
		{C3ECBA3D-93FB-330B-BF87-5CBE4278DA85}.Release|Any CPU.ActiveCfg = Release|Any CPU
		{C3ECBA3D-93FB-330B-BF87-5CBE4278DA85}.Release|Any CPU.Build.0 = Release|Any CPU
		{AD267A8B-E362-2DFA-5C54-7674E247D6F4}.Debug|Any CPU.ActiveCfg = Debug|Any CPU
		{AD267A8B-E362-2DFA-5C54-7674E247D6F4}.Debug|Any CPU.Build.0 = Debug|Any CPU
		{AD267A8B-E362-2DFA-5C54-7674E247D6F4}.Release|Any CPU.ActiveCfg = Release|Any CPU
		{AD267A8B-E362-2DFA-5C54-7674E247D6F4}.Release|Any CPU.Build.0 = Release|Any CPU
	EndGlobalSection
	GlobalSection(SolutionProperties) = preSolution
		HideSolutionNode = FALSE
	EndGlobalSection
	GlobalSection(NestedProjects) = preSolution
		{F45F6B5E-130E-1A89-B517-05720290E6D9} = {827E0CD3-B72D-47B6-A68D-7590B98EB39B}
		{94036EE3-6D26-436B-BE61-DC6F0F2DCCC2} = {827E0CD3-B72D-47B6-A68D-7590B98EB39B}
		{65F803F9-82D0-B3A8-B016-37BCF0F343DD} = {827E0CD3-B72D-47B6-A68D-7590B98EB39B}
		{C3ECBA3D-93FB-330B-BF87-5CBE4278DA85} = {827E0CD3-B72D-47B6-A68D-7590B98EB39B}
		{AD267A8B-E362-2DFA-5C54-7674E247D6F4} = {0AB3BF05-4346-4AA6-1389-037BE0695223}
	EndGlobalSection
	GlobalSection(ExtensibilityGlobals) = postSolution
		SolutionGuid = {47CB05EC-EFCA-48B9-86CD-910A225FFFD9}
	EndGlobalSection
EndGlobal
